github.com/google/go-cmp v0.6.0 h1:ofyhxvXcZhMsU5ulbFiLKl/XBFqE1GSq7atu8tAmTRI=
github.com/julienschmidt/httprouter v1.3.0 h1:U0609e9tgbseu3rBINet9P48AI/D3oJs4dN7jwJOQ1U=
github.com/julienschmidt/httprouter v1.3.0/go.mod h1:JR6WtHb+2LUe8TCKY3cZOxFyyO8IZAc4RVcycCCAKdM=
github.com/samber/lo v1.47.0 h1:z7RynLwP5nbyRscyvcD043DWYoOcYRv3mV8lBeqOCLc=
github.com/samber/lo v1.47.0/go.mod h1:RmDH9Ct32Qy3gduHQuKJ3gW1fMHAnE/fAzQuf6He5cU=
github.com/samber/slog-common v0.17.1 h1:jTqqLBgoJshpoxlPSGiypyOanjH6tY+i9bwyYmIbjhI=
github.com/samber/slog-common v0.17.1/go.mod h1:mZSJhinB4aqHziR0SKPqpVZjJ0JO35JfH+dDIWqaCBk=
go.bytecodealliance.org/cm v0.2.2 h1:M9iHS6qs884mbQbIjtLX1OifgyPG9DuMs2iwz8G4WQA=
go.wasmcloud.dev/component v0.0.5 h1:z9+fq1CJKm/yom33ctd5wfo8TVunm5IaI7EJdY2i9hk=
go.wasmcloud.dev/component v0.0.5/go.mod h1:PvVHQ7Xp8D9kZnVB3fm8lqWAcC6Yxd7CI/snXZUAG8E=
golang.org/x/oauth2 v0.24.0 h1:KTBBxWqUa0ykRPLtV69rRto9TLXcqYkeswu48x/gvNE=
golang.org/x/oauth2 v0.24.0/go.mod h1:XYTD2NtWslqkgxebSiOHnXEap4TF09sJSc7H1sXbhtI=
golang.org/x/text v0.22.0 h1:bofq7m3/HAFvbF51jz3Q9wLg3jkvSPuiZu/pD1XwgtM=
